
Microsoft Visual Studio Solution File, Format Version 12.00
# Visual Studio Version 17
VisualStudioVersion = 17.10.35122.118
MinimumVisualStudioVersion = 10.0.40219.1
Project("{FAE04EC0-301F-11D3-BF4B-00C04F79EFBC}") = "Taller", "Taller\Taller.csproj", "{CD78FA0F-E8F9-43CF-993F-1DCFF51ECB76}"
EndProject
Global
	GlobalSection(SolutionConfigurationPlatforms) = preSolution
		Debug|Any CPU = Debug|Any CPU
		Release|Any CPU = Release|Any CPU
	EndGlobalSection
	GlobalSection(ProjectConfigurationPlatforms) = postSolution
		{CD78FA0F-E8F9-43CF-993F-1DCFF51ECB76}.Debug|Any CPU.ActiveCfg = Debug|Any CPU
		{CD78FA0F-E8F9-43CF-993F-1DCFF51ECB76}.Debug|Any CPU.Build.0 = Debug|Any CPU
		{CD78FA0F-E8F9-43CF-993F-1DCFF51ECB76}.Release|Any CPU.ActiveCfg = Release|Any CPU
		{CD78FA0F-E8F9-43CF-993F-1DCFF51ECB76}.Release|Any CPU.Build.0 = Release|Any CPU
	EndGlobalSection
	GlobalSection(SolutionProperties) = preSolution
		HideSolutionNode = FALSE
	EndGlobalSection
	GlobalSection(ExtensibilityGlobals) = postSolution
		SolutionGuid = {A85DAB47-09E7-475C-8DBB-D1B9FD0B19EF}
	EndGlobalSection
EndGlobal
